
Microsoft Visual Studio Solution File, Format Version 9.00
# Visual Studio 2005
Project("{FAE04EC0-301F-11D3-BF4B-00C04F79EFBC}") = "server_sample", "server_sample\server_sample.csproj", "{3DB106CA-2360-48B6-99B1-ABF418D10932}"
EndProject
Project("{FAE04EC0-301F-11D3-BF4B-00C04F79EFBC}") = "client_sample", "client_sample\client_sample.csproj", "{5D85F7B3-1A8A-494F-A196-E26BE09C7507}"
EndProject
Global
	GlobalSection(SolutionConfigurationPlatforms) = preSolution
		Debug|Any CPU = Debug|Any CPU
		Release|Any CPU = Release|Any CPU
	EndGlobalSection
	GlobalSection(ProjectConfigurationPlatforms) = postSolution
		{3DB106CA-2360-48B6-99B1-ABF418D10932}.Debug|Any CPU.ActiveCfg = Debug|Any CPU
		{3DB106CA-2360-48B6-99B1-ABF418D10932}.Debug|Any CPU.Build.0 = Debug|Any CPU
		{3DB106CA-2360-48B6-99B1-ABF418D10932}.Release|Any CPU.ActiveCfg = Release|Any CPU
		{3DB106CA-2360-48B6-99B1-ABF418D10932}.Release|Any CPU.Build.0 = Release|Any CPU
		{5D85F7B3-1A8A-494F-A196-E26BE09C7507}.Debug|Any CPU.ActiveCfg = Debug|Any CPU
		{5D85F7B3-1A8A-494F-A196-E26BE09C7507}.Debug|Any CPU.Build.0 = Debug|Any CPU
		{5D85F7B3-1A8A-494F-A196-E26BE09C7507}.Release|Any CPU.ActiveCfg = Release|Any CPU
		{5D85F7B3-1A8A-494F-A196-E26BE09C7507}.Release|Any CPU.Build.0 = Release|Any CPU
	EndGlobalSection
	GlobalSection(SolutionProperties) = preSolution
		HideSolutionNode = FALSE
	EndGlobalSection
EndGlobal
