
Microsoft Visual Studio Solution File, Format Version 9.00
# Visual Studio 2005
Project("{FAE04EC0-301F-11D3-BF4B-00C04F79EFBC}") = "WindowsService1", "WindowsService1\WindowsService1.csproj", "{04F5CB9B-6ECD-416B-AE91-3ADF547F9687}"
EndProject
Project("{54435603-DBB4-11D2-8724-00A0C9A8B90C}") = "Setup1", "Setup1\Setup1.vdproj", "{4880F95E-17A9-48B4-9DDF-F229DA68A68D}"
EndProject
Global
	GlobalSection(SolutionConfigurationPlatforms) = preSolution
		Debug|Any CPU = Debug|Any CPU
		Release|Any CPU = Release|Any CPU
	EndGlobalSection
	GlobalSection(ProjectConfigurationPlatforms) = postSolution
		{04F5CB9B-6ECD-416B-AE91-3ADF547F9687}.Debug|Any CPU.ActiveCfg = Debug|Any CPU
		{04F5CB9B-6ECD-416B-AE91-3ADF547F9687}.Debug|Any CPU.Build.0 = Debug|Any CPU
		{04F5CB9B-6ECD-416B-AE91-3ADF547F9687}.Release|Any CPU.ActiveCfg = Release|Any CPU
		{04F5CB9B-6ECD-416B-AE91-3ADF547F9687}.Release|Any CPU.Build.0 = Release|Any CPU
		{4880F95E-17A9-48B4-9DDF-F229DA68A68D}.Debug|Any CPU.ActiveCfg = Debug
		{4880F95E-17A9-48B4-9DDF-F229DA68A68D}.Release|Any CPU.ActiveCfg = Release
	EndGlobalSection
	GlobalSection(SolutionProperties) = preSolution
		HideSolutionNode = FALSE
	EndGlobalSection
EndGlobal
