
Microsoft Visual Studio Solution File, Format Version 9.00
# Visual Studio 2005
Project("{FAE04EC0-301F-11D3-BF4B-00C04F79EFBC}") = "RSS_read", "RSS_read\RSS_read.csproj", "{8BF4A193-85E9-412F-BFEB-20A11A831547}"
EndProject
Global
	GlobalSection(SolutionConfigurationPlatforms) = preSolution
		Debug|Any CPU = Debug|Any CPU
		Release|Any CPU = Release|Any CPU
	EndGlobalSection
	GlobalSection(ProjectConfigurationPlatforms) = postSolution
		{8BF4A193-85E9-412F-BFEB-20A11A831547}.Debug|Any CPU.ActiveCfg = Debug|Any CPU
		{8BF4A193-85E9-412F-BFEB-20A11A831547}.Debug|Any CPU.Build.0 = Debug|Any CPU
		{8BF4A193-85E9-412F-BFEB-20A11A831547}.Release|Any CPU.ActiveCfg = Release|Any CPU
		{8BF4A193-85E9-412F-BFEB-20A11A831547}.Release|Any CPU.Build.0 = Release|Any CPU
	EndGlobalSection
	GlobalSection(SolutionProperties) = preSolution
		HideSolutionNode = FALSE
	EndGlobalSection
EndGlobal
